
Microsoft Visual Studio Solution File, Format Version 12.00
# Visual Studio Version 16
VisualStudioVersion = 16.0.29613.14
MinimumVisualStudioVersion = 10.0.40219.1
Project("{8BC9CEB8-8B4A-11D0-8D11-00A0C91BC942}") = "NEIMO_2012", "NEIMO_2012.vcxproj", "{094D5FAD-2281-4A9E-AA6E-2116BCAD51C2}"
EndProject
Global
	GlobalSection(SolutionConfigurationPlatforms) = preSolution
		Debug|Win32 = Debug|Win32
		Release|Win32 = Release|Win32
	EndGlobalSection
	GlobalSection(ProjectConfigurationPlatforms) = postSolution
		{094D5FAD-2281-4A9E-AA6E-2116BCAD51C2}.Debug|Win32.ActiveCfg = Debug|Win32
		{094D5FAD-2281-4A9E-AA6E-2116BCAD51C2}.Debug|Win32.Build.0 = Debug|Win32
		{094D5FAD-2281-4A9E-AA6E-2116BCAD51C2}.Release|Win32.ActiveCfg = Release|Win32
		{094D5FAD-2281-4A9E-AA6E-2116BCAD51C2}.Release|Win32.Build.0 = Release|Win32
	EndGlobalSection
	GlobalSection(SolutionProperties) = preSolution
		HideSolutionNode = FALSE
	EndGlobalSection
	GlobalSection(ExtensibilityGlobals) = postSolution
		SolutionGuid = {B24303C6-1BDC-492C-8771-78CBD1CBB9C1}
	EndGlobalSection
EndGlobal
